
Microsoft Visual Studio Solution File, Format Version 12.00
# Visual Studio Version 17
VisualStudioVersion = 17.5.33530.505
MinimumVisualStudioVersion = 10.0.40219.1
Project("{FAE04EC0-301F-11D3-BF4B-00C04F79EFBC}") = "Purchase", "Purchase\Purchase.csproj", "{6A338D3C-0EFE-4C03-B2F8-6828FE294918}"
EndProject
Global
	GlobalSection(SolutionConfigurationPlatforms) = preSolution
		Debug|Any CPU = Debug|Any CPU
		Release|Any CPU = Release|Any CPU
	EndGlobalSection
	GlobalSection(ProjectConfigurationPlatforms) = postSolution
		{6A338D3C-0EFE-4C03-B2F8-6828FE294918}.Debug|Any CPU.ActiveCfg = Debug|Any CPU
		{6A338D3C-0EFE-4C03-B2F8-6828FE294918}.Debug|Any CPU.Build.0 = Debug|Any CPU
		{6A338D3C-0EFE-4C03-B2F8-6828FE294918}.Release|Any CPU.ActiveCfg = Release|Any CPU
		{6A338D3C-0EFE-4C03-B2F8-6828FE294918}.Release|Any CPU.Build.0 = Release|Any CPU
	EndGlobalSection
	GlobalSection(SolutionProperties) = preSolution
		HideSolutionNode = FALSE
	EndGlobalSection
	GlobalSection(ExtensibilityGlobals) = postSolution
		SolutionGuid = {D00664A4-33CA-42D0-A99C-1A02A3CC9169}
	EndGlobalSection
EndGlobal
